<?xml version="1.0" encoding="utf-8"?>
<Project ToolsVersion="4.0" xmlns="http://schemas.microsoft.com/developer/msbuild/2003">
  <ItemGroup>
    <ClInclude Include="Token.h" />
    <ClInclude Include="CLexer.h" />
    <ClInclude Include="CRepl.h" />
    <ClInclude Include="CParser.h" />
    <ClInclude Include="CAst.h" />
    <ClInclude Include="test.h">
      <Filter>testing</Filter>
    </ClInclude>
    <ClInclude Include="CTracer.h">
      <Filter>testing</Filter>
    </ClInclude>
  </ItemGroup>
  <ItemGroup>
    <ClCompile Include="Token.cpp" />
    <ClCompile Include="test.cpp">
      <Filter>testing</Filter>
    </ClCompile>
    <ClCompile Include="CLexer.cpp" />
    <ClCompile Include="main.cpp" />
    <ClCompile Include="CRepl.cpp" />
    <ClCompile Include="CParser.cpp" />
    <ClCompile Include="CAst.cpp" />
    <ClCompile Include="CTracer.cpp">
      <Filter>testing</Filter>
    </ClCompile>
  </ItemGroup>
  <ItemGroup>
    <Filter Include="testing">
      <UniqueIdentifier>{820eae60-64eb-4227-9286-19c9f52c701a}</UniqueIdentifier>
    </Filter>
  </ItemGroup>
</Project>